// !$*UTF8*$!
{
	archiveVersion = 1;
	classes = {
	};
	objectVersion = 77;
	objects = {

/* Begin PBXBuildFile section */
		CC9FF4113F85A46E0737D95A /* libPods-PinjamN.a in Frameworks */ = {isa = PBXBuildFile; fileRef = 905E185B2C1E9A3839C14ECB /* libPods-PinjamN.a */; };
/* End PBXBuildFile section */

/* Begin PBXFileReference section */
		14D8F2F68FBD3C36EBCE850D /* Pods-PinjamN.debug.xcconfig */ = {isa = PBXFileReference; includeInIndex = 1; lastKnownFileType = text.xcconfig; name = "Pods-PinjamN.debug.xcconfig"; path = "Target Support Files/Pods-PinjamN/Pods-PinjamN.debug.xcconfig"; sourceTree = "<group>"; };
		33C535532EFE70AF002CDD62 /* PinjamN.app */ = {isa = PBXFileReference; explicitFileType = wrapper.application; includeInIndex = 0; path = PinjamN.app; sourceTree = BUILT_PRODUCTS_DIR; };
		905E185B2C1E9A3839C14ECB /* libPods-PinjamN.a */ = {isa = PBXFileReference; explicitFileType = archive.ar; includeInIndex = 0; path = "libPods-PinjamN.a"; sourceTree = BUILT_PRODUCTS_DIR; };
		95138E7B2DAD0D08E625A234 /* Pods-PinjamN.release.xcconfig */ = {isa = PBXFileReference; includeInIndex = 1; lastKnownFileType = text.xcconfig; name = "Pods-PinjamN.release.xcconfig"; path = "Target Support Files/Pods-PinjamN/Pods-PinjamN.release.xcconfig"; sourceTree = "<group>"; };
/* End PBXFileReference section */

/* Begin PBXFileSystemSynchronizedBuildFileExceptionSet section */
		33C5356A2EFE70B0002CDD62 /* Exceptions for "PinjamN" folder in "PinjamN" target */ = {
			isa = PBXFileSystemSynchronizedBuildFileExceptionSet;
			membershipExceptions = (
				Res/Info.plist,
			);
			target = 33C535522EFE70AF002CDD62 /* PinjamN */;
		};
/* End PBXFileSystemSynchronizedBuildFileExceptionSet section */

/* Begin PBXFileSystemSynchronizedRootGroup section */
		33C535552EFE70AF002CDD62 /* PinjamN */ = {
			isa = PBXFileSystemSynchronizedRootGroup;
			exceptions = (
				33C5356A2EFE70B0002CDD62 /* Exceptions for "PinjamN" folder in "PinjamN" target */,
			);
			path = PinjamN;
			sourceTree = "<group>";
		};
/* End PBXFileSystemSynchronizedRootGroup section */

/* Begin PBXFrameworksBuildPhase section */
		33C535502EFE70AF002CDD62 /* Frameworks */ = {
			isa = PBXFrameworksBuildPhase;
			buildActionMask = 2147483647;
			files = (
				CC9FF4113F85A46E0737D95A /* libPods-PinjamN.a in Frameworks */,
			);
			runOnlyForDeploymentPostprocessing = 0;
		};
/* End PBXFrameworksBuildPhase section */

/* Begin PBXGroup section */
		08F567453130E01B43AFE537 /* Frameworks */ = {
			isa = PBXGroup;
			children = (
				905E185B2C1E9A3839C14ECB /* libPods-PinjamN.a */,
			);
			name = Frameworks;
			sourceTree = "<group>";
		};
		33C5354A2EFE70AF002CDD62 = {
			isa = PBXGroup;
			children = (
				33C535552EFE70AF002CDD62 /* PinjamN */,
				33C535542EFE70AF002CDD62 /* Products */,
				801F1FBD5DBB9E44BC7CC648 /* Pods */,
				08F567453130E01B43AFE537 /* Frameworks */,
			);
			sourceTree = "<group>";
		};
		33C535542EFE70AF002CDD62 /* Products */ = {
			isa = PBXGroup;
			children = (
				33C535532EFE70AF002CDD62 /* PinjamN.app */,
			);
			name = Products;
			sourceTree = "<group>";
		};
		801F1FBD5DBB9E44BC7CC648 /* Pods */ = {
			isa = PBXGroup;
			children = (
				14D8F2F68FBD3C36EBCE850D /* Pods-PinjamN.debug.xcconfig */,
				95138E7B2DAD0D08E625A234 /* Pods-PinjamN.release.xcconfig */,
			);
			path = Pods;
			sourceTree = "<group>";
		};
/* End PBXGroup section */

/* Begin PBXNativeTarget section */
		33C535522EFE70AF002CDD62 /* PinjamN */ = {
			isa = PBXNativeTarget;
			buildConfigurationList = 33C5356B2EFE70B0002CDD62 /* Build configuration list for PBXNativeTarget "PinjamN" */;
			buildPhases = (
				09C1C454209C8436D620FCE5 /* [CP] Check Pods Manifest.lock */,
				33C5354F2EFE70AF002CDD62 /* Sources */,
				33C535502EFE70AF002CDD62 /* Frameworks */,
				33C535512EFE70AF002CDD62 /* Resources */,
				472586DDB14DBBC32FD36B73 /* [CP] Embed Pods Frameworks */,
				702B6BE95C8768571B298793 /* [CP] Copy Pods Resources */,
			);
			buildRules = (
			);
			dependencies = (
			);
			fileSystemSynchronizedGroups = (
				33C535552EFE70AF002CDD62 /* PinjamN */,
			);
			name = PinjamN;
			productName = PinjamN;
			productReference = 33C535532EFE70AF002CDD62 /* PinjamN.app */;
			productType = "com.apple.product-type.application";
		};
/* End PBXNativeTarget section */

/* Begin PBXProject section */
		33C5354B2EFE70AF002CDD62 /* Project object */ = {
			isa = PBXProject;
			attributes = {
				BuildIndependentTargetsInParallel = 1;
				LastUpgradeCheck = 2600;
				TargetAttributes = {
					33C535522EFE70AF002CDD62 = {
						CreatedOnToolsVersion = 26.0.1;
					};
				};
			};
			buildConfigurationList = 33C5354E2EFE70AF002CDD62 /* Build configuration list for PBXProject "PinjamN" */;
			developmentRegion = en;
			hasScannedForEncodings = 0;
			knownRegions = (
				en,
				Base,
			);
			mainGroup = 33C5354A2EFE70AF002CDD62;
			minimizedProjectReferenceProxies = 1;
			preferredProjectObjectVersion = 77;
			productRefGroup = 33C535542EFE70AF002CDD62 /* Products */;
			projectDirPath = "";
			projectRoot = "";
			targets = (
				33C535522EFE70AF002CDD62 /* PinjamN */,
			);
		};
/* End PBXProject section */

/* Begin PBXResourcesBuildPhase section */
		33C535512EFE70AF002CDD62 /* Resources */ = {
			isa = PBXResourcesBuildPhase;
			buildActionMask = 2147483647;
			files = (
			);
			runOnlyForDeploymentPostprocessing = 0;
		};
/* End PBXResourcesBuildPhase section */

/* Begin PBXShellScriptBuildPhase section */
		09C1C454209C8436D620FCE5 /* [CP] Check Pods Manifest.lock */ = {
			isa = PBXShellScriptBuildPhase;
			buildActionMask = 2147483647;
			files = (
			);
			inputFileListPaths = (
			);
			inputPaths = (
				"${PODS_PODFILE_DIR_PATH}/Podfile.lock",
				"${PODS_ROOT}/Manifest.lock",
			);
			name = "[CP] Check Pods Manifest.lock";
			outputFileListPaths = (
			);
			outputPaths = (
				"$(DERIVED_FILE_DIR)/Pods-PinjamN-checkManifestLockResult.txt",
			);
			runOnlyForDeploymentPostprocessing = 0;
			shellPath = /bin/sh;
			shellScript = "diff \"${PODS_PODFILE_DIR_PATH}/Podfile.lock\" \"${PODS_ROOT}/Manifest.lock\" > /dev/null\nif [ $? != 0 ] ; then\n    # print error to STDERR\n    echo \"error: The sandbox is not in sync with the Podfile.lock. Run 'pod install' or update your CocoaPods installation.\" >&2\n    exit 1\nfi\n# This output is used by Xcode 'outputs' to avoid re-running this script phase.\necho \"SUCCESS\" > \"${SCRIPT_OUTPUT_FILE_0}\"\n";
			showEnvVarsInLog = 0;
		};
		472586DDB14DBBC32FD36B73 /* [CP] Embed Pods Frameworks */ = {
			isa = PBXShellScriptBuildPhase;
			buildActionMask = 2147483647;
			files = (
			);
			inputFileListPaths = (
				"${PODS_ROOT}/Target Support Files/Pods-PinjamN/Pods-PinjamN-frameworks-${CONFIGURATION}-input-files.xcfilelist",
			);
			inputPaths = (
			);
			name = "[CP] Embed Pods Frameworks";
			outputFileListPaths = (
				"${PODS_ROOT}/Target Support Files/Pods-PinjamN/Pods-PinjamN-frameworks-${CONFIGURATION}-output-files.xcfilelist",
			);
			outputPaths = (
			);
			runOnlyForDeploymentPostprocessing = 0;
			shellPath = /bin/sh;
			shellScript = "\"${PODS_ROOT}/Target Support Files/Pods-PinjamN/Pods-PinjamN-frameworks.sh\"\n";
			showEnvVarsInLog = 0;
		};
		702B6BE95C8768571B298793 /* [CP] Copy Pods Resources */ = {
			isa = PBXShellScriptBuildPhase;
			buildActionMask = 2147483647;
			files = (
			);
			inputFileListPaths = (
				"${PODS_ROOT}/Target Support Files/Pods-PinjamN/Pods-PinjamN-resources-${CONFIGURATION}-input-files.xcfilelist",
			);
			inputPaths = (
			);
			name = "[CP] Copy Pods Resources";
			outputFileListPaths = (
				"${PODS_ROOT}/Target Support Files/Pods-PinjamN/Pods-PinjamN-resources-${CONFIGURATION}-output-files.xcfilelist",
			);
			outputPaths = (
			);
			runOnlyForDeploymentPostprocessing = 0;
			shellPath = /bin/sh;
			shellScript = "\"${PODS_ROOT}/Target Support Files/Pods-PinjamN/Pods-PinjamN-resources.sh\"\n";
			showEnvVarsInLog = 0;
		};
/* End PBXShellScriptBuildPhase section */

/* Begin PBXSourcesBuildPhase section */
		33C5354F2EFE70AF002CDD62 /* Sources */ = {
			isa = PBXSourcesBuildPhase;
			buildActionMask = 2147483647;
			files = (
			);
			runOnlyForDeploymentPostprocessing = 0;
		};
/* End PBXSourcesBuildPhase section */

/* Begin XCBuildConfiguration section */
		33C5356C2EFE70B0002CDD62 /* Debug */ = {
			isa = XCBuildConfiguration;
			baseConfigurationReference = 14D8F2F68FBD3C36EBCE850D /* Pods-PinjamN.debug.xcconfig */;
			buildSettings = {
				ASSETCATALOG_COMPILER_APPICON_NAME = AppIcon;
				ASSETCATALOG_COMPILER_GLOBAL_ACCENT_COLOR_NAME = AccentColor;
				CODE_SIGN_STYLE = Automatic;
				CURRENT_PROJECT_VERSION = 1;
				DEVELOPMENT_TEAM = 8HR7KN9336;
				GCC_PRECOMPILE_PREFIX_HEADER = NO;
				GCC_PREFIX_HEADER = "$(SRCROOT)/PinjamN/Res/PrefixHeader.pch";
				GENERATE_INFOPLIST_FILE = YES;
				INFOPLIST_FILE = PinjamN/Res/Info.plist;
				INFOPLIST_KEY_NSCameraUsageDescription = "Pinjam Laju needs to request camera permission to take photos of documents and scan your face to verify your true identity. ";
				INFOPLIST_KEY_NSContactsUsageDescription = "Pinjam Laju needs to request your contact permission to verify the authenticity of your identity, help you quickly complete the certification process, and also help you pass the loan application.";
				INFOPLIST_KEY_NSLocationAlwaysUsageDescription = "Pinjam Laju needs to request location permission in order to identify your area and provide loan products and services that are more suitable for you.";
				INFOPLIST_KEY_NSLocationUsageDescription = "Pinjam Laju needs to request location permission in order to identify your area and provide loan products and services that are more suitable for you.";
				INFOPLIST_KEY_NSLocationWhenInUseUsageDescription = "Pinjam Laju needs to request location permission in order to identify your area and provide loan products and services that are more suitable for you.";
				INFOPLIST_KEY_NSPhotoLibraryUsageDescription = "Pinjam Laju needs to request camera permission to identify your ID information.";
				INFOPLIST_KEY_NSUserTrackingUsageDescription = "Pinjam Laju requires access to tracking permissions in order to ensure the security of your account and the uniqueness of your device, and to provide more accurate loan information. Your information will be transmitted encrypted and protected by a privacy policy and will not be shared with third parties.";
				INFOPLIST_KEY_UIApplicationSupportsIndirectInputEvents = YES;
				INFOPLIST_KEY_UILaunchStoryboardName = LaunchScreen;
				INFOPLIST_KEY_UIMainStoryboardFile = Main;
				INFOPLIST_KEY_UISupportedInterfaceOrientations = UIInterfaceOrientationPortrait;
				INFOPLIST_KEY_UISupportedInterfaceOrientations_iPad = "UIInterfaceOrientationLandscapeLeft UIInterfaceOrientationLandscapeRight UIInterfaceOrientationPortrait UIInterfaceOrientationPortraitUpsideDown";
				INFOPLIST_KEY_UIUserInterfaceStyle = Light;
				IPHONEOS_DEPLOYMENT_TARGET = 14.0;
				LD_RUNPATH_SEARCH_PATHS = (
					"$(inherited)",
					"@executable_path/Frameworks",
				);
				LIBRARY_SEARCH_PATHS = (
					"$(inherited)",
					"$(PROJECT_DIR)/PinjamN/Tool/FTCategroy",
				);
				MARKETING_VERSION = 1.0;
				PRODUCT_BUNDLE_IDENTIFIER = com.lr.PinjamN;
				PRODUCT_NAME = "$(TARGET_NAME)";
				STRING_CATALOG_GENERATE_SYMBOLS = YES;
				SUPPORTED_PLATFORMS = "iphoneos iphonesimulator";
				SUPPORTS_MACCATALYST = NO;
				SUPPORTS_MAC_DESIGNED_FOR_IPHONE_IPAD = NO;
				SUPPORTS_XR_DESIGNED_FOR_IPHONE_IPAD = NO;
				SWIFT_EMIT_LOC_STRINGS = YES;
				TARGETED_DEVICE_FAMILY = 1;
			};
			name = Debug;
		};
		33C5356D2EFE70B0002CDD62 /* Release */ = {
			isa = XCBuildConfiguration;
			baseConfigurationReference = 95138E7B2DAD0D08E625A234 /* Pods-PinjamN.release.xcconfig */;
			buildSettings = {
				ASSETCATALOG_COMPILER_APPICON_NAME = AppIcon;
				ASSETCATALOG_COMPILER_GLOBAL_ACCENT_COLOR_NAME = AccentColor;
				CODE_SIGN_ENTITLEMENTS = PinjamN/PinjamNRelease.entitlements;
				CODE_SIGN_STYLE = Manual;
				CURRENT_PROJECT_VERSION = 1;
				DEVELOPMENT_TEAM = "";
				GCC_PRECOMPILE_PREFIX_HEADER = NO;
				GCC_PREFIX_HEADER = "$(SRCROOT)/PinjamN/Res/PrefixHeader.pch";
				GENERATE_INFOPLIST_FILE = YES;
				INFOPLIST_FILE = PinjamN/Res/Info.plist;
				INFOPLIST_KEY_NSCameraUsageDescription = "Pinjam Laju needs to request camera permission to take photos of documents and scan your face to verify your true identity. ";
				INFOPLIST_KEY_NSContactsUsageDescription = "Pinjam Laju needs to request your contact permission to verify the authenticity of your identity, help you quickly complete the certification process, and also help you pass the loan application.";
				INFOPLIST_KEY_NSLocationAlwaysUsageDescription = "Pinjam Laju needs to request location permission in order to identify your area and provide loan products and services that are more suitable for you.";
				INFOPLIST_KEY_NSLocationUsageDescription = "Pinjam Laju needs to request location permission in order to identify your area and provide loan products and services that are more suitable for you.";
				INFOPLIST_KEY_NSLocationWhenInUseUsageDescription = "Pinjam Laju needs to request location permission in order to identify your area and provide loan products and services that are more suitable for you.";
				INFOPLIST_KEY_NSPhotoLibraryUsageDescription = "Pinjam Laju needs to request camera permission to identify your ID information.";
				INFOPLIST_KEY_NSUserTrackingUsageDescription = "Pinjam Laju requires access to tracking permissions in order to ensure the security of your account and the uniqueness of your device, and to provide more accurate loan information. Your information will be transmitted encrypted and protected by a privacy policy and will not be shared with third parties.";
				INFOPLIST_KEY_UIApplicationSupportsIndirectInputEvents = YES;
				INFOPLIST_KEY_UILaunchStoryboardName = LaunchScreen;
				INFOPLIST_KEY_UIMainStoryboardFile = Main;
				INFOPLIST_KEY_UISupportedInterfaceOrientations = UIInterfaceOrientationPortrait;
				INFOPLIST_KEY_UISupportedInterfaceOrientations_iPad = "UIInterfaceOrientationLandscapeLeft UIInterfaceOrientationLandscapeRight UIInterfaceOrientationPortrait UIInterfaceOrientationPortraitUpsideDown";
				INFOPLIST_KEY_UIUserInterfaceStyle = Light;
				IPHONEOS_DEPLOYMENT_TARGET = 14.0;
				LD_RUNPATH_SEARCH_PATHS = (
					"$(inherited)",
					"@executable_path/Frameworks",
				);
				LIBRARY_SEARCH_PATHS = (
					"$(inherited)",
					"$(PROJECT_DIR)/PinjamN/Tool/FTCategroy",
				);
				MARKETING_VERSION = 1.0;
				PRODUCT_BUNDLE_IDENTIFIER = com.lr.PinjamN;
				PRODUCT_NAME = "$(TARGET_NAME)";
				PROVISIONING_PROFILE_SPECIFIER = "";
				STRING_CATALOG_GENERATE_SYMBOLS = YES;
				SUPPORTED_PLATFORMS = "iphoneos iphonesimulator";
				SUPPORTS_MACCATALYST = NO;
				SUPPORTS_MAC_DESIGNED_FOR_IPHONE_IPAD = NO;
				SUPPORTS_XR_DESIGNED_FOR_IPHONE_IPAD = NO;
				SWIFT_EMIT_LOC_STRINGS = YES;
				TARGETED_DEVICE_FAMILY = 1;
			};
			name = Release;
		};
		33C5356E2EFE70B0002CDD62 /* Debug */ = {
			isa = XCBuildConfiguration;
			buildSettings = {
				ALWAYS_SEARCH_USER_PATHS = NO;
				ASSETCATALOG_COMPILER_GENERATE_SWIFT_ASSET_SYMBOL_EXTENSIONS = YES;
				CLANG_ANALYZER_NONNULL = YES;
				CLANG_ANALYZER_NUMBER_OBJECT_CONVERSION = YES_AGGRESSIVE;
				CLANG_CXX_LANGUAGE_STANDARD = "gnu++20";
				CLANG_ENABLE_MODULES = YES;
				CLANG_ENABLE_OBJC_ARC = YES;
				CLANG_ENABLE_OBJC_WEAK = YES;
				CLANG_WARN_BLOCK_CAPTURE_AUTORELEASING = YES;
				CLANG_WARN_BOOL_CONVERSION = YES;
				CLANG_WARN_COMMA = YES;
				CLANG_WARN_CONSTANT_CONVERSION = YES;
				CLANG_WARN_DEPRECATED_OBJC_IMPLEMENTATIONS = YES;
				CLANG_WARN_DIRECT_OBJC_ISA_USAGE = YES_ERROR;
				CLANG_WARN_DOCUMENTATION_COMMENTS = YES;
				CLANG_WARN_EMPTY_BODY = YES;
				CLANG_WARN_ENUM_CONVERSION = YES;
				CLANG_WARN_INFINITE_RECURSION = YES;
				CLANG_WARN_INT_CONVERSION = YES;
				CLANG_WARN_NON_LITERAL_NULL_CONVERSION = YES;
				CLANG_WARN_OBJC_IMPLICIT_RETAIN_SELF = YES;
				CLANG_WARN_OBJC_LITERAL_CONVERSION = YES;
				CLANG_WARN_OBJC_ROOT_CLASS = YES_ERROR;
				CLANG_WARN_QUOTED_INCLUDE_IN_FRAMEWORK_HEADER = YES;
				CLANG_WARN_RANGE_LOOP_ANALYSIS = YES;
				CLANG_WARN_STRICT_PROTOTYPES = YES;
				CLANG_WARN_SUSPICIOUS_MOVE = YES;
				CLANG_WARN_UNGUARDED_AVAILABILITY = YES_AGGRESSIVE;
				CLANG_WARN_UNREACHABLE_CODE = YES;
				CLANG_WARN__DUPLICATE_METHOD_MATCH = YES;
				COPY_PHASE_STRIP = NO;
				DEBUG_INFORMATION_FORMAT = dwarf;
				DEVELOPMENT_TEAM = 8HR7KN9336;
				ENABLE_STRICT_OBJC_MSGSEND = YES;
				ENABLE_TESTABILITY = YES;
				ENABLE_USER_SCRIPT_SANDBOXING = YES;
				GCC_C_LANGUAGE_STANDARD = gnu17;
				GCC_DYNAMIC_NO_PIC = NO;
				GCC_NO_COMMON_BLOCKS = YES;
				GCC_OPTIMIZATION_LEVEL = 0;
				GCC_PREPROCESSOR_DEFINITIONS = (
					"DEBUG=1",
					"$(inherited)",
				);
				GCC_WARN_64_TO_32_BIT_CONVERSION = YES;
				GCC_WARN_ABOUT_RETURN_TYPE = YES_ERROR;
				GCC_WARN_UNDECLARED_SELECTOR = YES;
				GCC_WARN_UNINITIALIZED_AUTOS = YES_AGGRESSIVE;
				GCC_WARN_UNUSED_FUNCTION = YES;
				GCC_WARN_UNUSED_VARIABLE = YES;
				IPHONEOS_DEPLOYMENT_TARGET = 26.0;
				LOCALIZATION_PREFERS_STRING_CATALOGS = YES;
				MTL_ENABLE_DEBUG_INFO = INCLUDE_SOURCE;
				MTL_FAST_MATH = YES;
				ONLY_ACTIVE_ARCH = YES;
				SDKROOT = iphoneos;
			};
			name = Debug;
		};
		33C5356F2EFE70B0002CDD62 /* Release */ = {
			isa = XCBuildConfiguration;
			buildSettings = {
				ALWAYS_SEARCH_USER_PATHS = NO;
				ASSETCATALOG_COMPILER_GENERATE_SWIFT_ASSET_SYMBOL_EXTENSIONS = YES;
				CLANG_ANALYZER_NONNULL = YES;
				CLANG_ANALYZER_NUMBER_OBJECT_CONVERSION = YES_AGGRESSIVE;
				CLANG_CXX_LANGUAGE_STANDARD = "gnu++20";
				CLANG_ENABLE_MODULES = YES;
				CLANG_ENABLE_OBJC_ARC = YES;
				CLANG_ENABLE_OBJC_WEAK = YES;
				CLANG_WARN_BLOCK_CAPTURE_AUTORELEASING = YES;
				CLANG_WARN_BOOL_CONVERSION = YES;
				CLANG_WARN_COMMA = YES;
				CLANG_WARN_CONSTANT_CONVERSION = YES;
				CLANG_WARN_DEPRECATED_OBJC_IMPLEMENTATIONS = YES;
				CLANG_WARN_DIRECT_OBJC_ISA_USAGE = YES_ERROR;
				CLANG_WARN_DOCUMENTATION_COMMENTS = YES;
				CLANG_WARN_EMPTY_BODY = YES;
				CLANG_WARN_ENUM_CONVERSION = YES;
				CLANG_WARN_INFINITE_RECURSION = YES;
				CLANG_WARN_INT_CONVERSION = YES;
				CLANG_WARN_NON_LITERAL_NULL_CONVERSION = YES;
				CLANG_WARN_OBJC_IMPLICIT_RETAIN_SELF = YES;
				CLANG_WARN_OBJC_LITERAL_CONVERSION = YES;
				CLANG_WARN_OBJC_ROOT_CLASS = YES_ERROR;
				CLANG_WARN_QUOTED_INCLUDE_IN_FRAMEWORK_HEADER = YES;
				CLANG_WARN_RANGE_LOOP_ANALYSIS = YES;
				CLANG_WARN_STRICT_PROTOTYPES = YES;
				CLANG_WARN_SUSPICIOUS_MOVE = YES;
				CLANG_WARN_UNGUARDED_AVAILABILITY = YES_AGGRESSIVE;
				CLANG_WARN_UNREACHABLE_CODE = YES;
				CLANG_WARN__DUPLICATE_METHOD_MATCH = YES;
				COPY_PHASE_STRIP = NO;
				DEBUG_INFORMATION_FORMAT = "dwarf-with-dsym";
				DEVELOPMENT_TEAM = 8HR7KN9336;
				ENABLE_NS_ASSERTIONS = NO;
				ENABLE_STRICT_OBJC_MSGSEND = YES;
				ENABLE_USER_SCRIPT_SANDBOXING = YES;
				GCC_C_LANGUAGE_STANDARD = gnu17;
				GCC_NO_COMMON_BLOCKS = YES;
				GCC_WARN_64_TO_32_BIT_CONVERSION = YES;
				GCC_WARN_ABOUT_RETURN_TYPE = YES_ERROR;
				GCC_WARN_UNDECLARED_SELECTOR = YES;
				GCC_WARN_UNINITIALIZED_AUTOS = YES_AGGRESSIVE;
				GCC_WARN_UNUSED_FUNCTION = YES;
				GCC_WARN_UNUSED_VARIABLE = YES;
				IPHONEOS_DEPLOYMENT_TARGET = 26.0;
				LOCALIZATION_PREFERS_STRING_CATALOGS = YES;
				MTL_ENABLE_DEBUG_INFO = NO;
				MTL_FAST_MATH = YES;
				SDKROOT = iphoneos;
				VALIDATE_PRODUCT = YES;
			};
			name = Release;
		};
/* End XCBuildConfiguration section */

/* Begin XCConfigurationList section */
		33C5354E2EFE70AF002CDD62 /* Build configuration list for PBXProject "PinjamN" */ = {
			isa = XCConfigurationList;
			buildConfigurations = (
				33C5356E2EFE70B0002CDD62 /* Debug */,
				33C5356F2EFE70B0002CDD62 /* Release */,
			);
			defaultConfigurationIsVisible = 0;
			defaultConfigurationName = Release;
		};
		33C5356B2EFE70B0002CDD62 /* Build configuration list for PBXNativeTarget "PinjamN" */ = {
			isa = XCConfigurationList;
			buildConfigurations = (
				33C5356C2EFE70B0002CDD62 /* Debug */,
				33C5356D2EFE70B0002CDD62 /* Release */,
			);
			defaultConfigurationIsVisible = 0;
			defaultConfigurationName = Release;
		};
/* End XCConfigurationList section */
	};
	rootObject = 33C5354B2EFE70AF002CDD62 /* Project object */;
}
